{
  "name": "shivaboys-chatbot",
  "version": "1.0.0",
  "lockfileVersion": 2,
  "requires": true,
  "packages": {
    "": {
      "name": "shivaboys-chatbot",
      "version": "1.0.0",
      "dependencies": {
        "cors": "^2.8.5",
        "express": "^4.18.2",
        "openai": "^4.10.0"
      }
    }
  },
  "dependencies": {
    "accepts": {
      "version": "1.3.8",
      "resolved": "https://registry.npmjs.org/accepts/-/accepts-1.3.8.tgz",
      "integrity": "sha512-QiYQvPgfse+8Hu8VZyyTkOYnQOe7sY/uML2KaXq3uTQtA0bDItqLVfqPhX7e4z9nq7VZOm+XfLcp0bBz3rYqsw==",
      "dev": false,
      "dependencies": {
        "mime-types": "~2.1.34",
        "negotiator": "0.6.3"
      }
    },
    "cors": {
      "version": "2.8.5",
      "resolved": "https://registry.npmjs.org/cors/-/cors-2.8.5.tgz",
      "integrity": "sha512-3nfs11dfPSmYhGzqTzx2XYXvwWzHCpEK4JkA24RrYwOL8A01VvW88hrDRvXjHC5UkJhThQ88qNXc1d7xU0YnGw==",
      "dev": false,
      "dependencies": {
        "vary": "^1.1.2"
      }
    },
    "express": {
      "version": "4.18.2",
      "resolved": "https://registry.npmjs.org/express/-/express-4.18.2.tgz",
      "integrity": "sha512-MCG6DJqgVy6cq/sRkysK2Pb5/6sLvdySRDEoCDdIxHw3S/TgRZTjYKEG7UkXbzR5UOqoiX4ypL8oAOsphIHLaw==",
      "dev": false,
      "dependencies": {
        "accepts": "~1.3.8",
        "array-flatten": "1.1.1",
        "body-parser": "1.20.1",
        "content-disposition": "0.5.4",
        "content-type": "~1.0.4",
        "cookie": "0.5.0",
        "cookie-signature": "1.0.6",
        "debug": "2.6.9",
        "depd": "~2.0.0",
        "encodeurl": "~1.0.2",
        "escape-html": "~1.0.3",
        "etag": "~1.8.1",
        "finalhandler": "1.2.0",
        "fresh": "0.5.2",
        "merge-descriptors": "1.0.1",
        "methods": "~1.1.2",
        "on-finished": "2.4.1",
        "parseurl": "~1.3.3",
        "path-to-regexp": "0.1.7",
        "proxy-addr": "~2.0.7",
        "qs": "6.11.0",
        "range-parser": "~1.2.1",
        "safe-buffer": "5.2.1",
        "send": "0.18.0",
        "serve-static": "1.15.0",
        "setprototypeof": "1.2.0",
        "statuses": "~1.5.0",
        "type-is": "~1.6.18",
        "utils-merge": "1.0.1",
        "vary": "~1.1.2"
      }
    },
    "openai": {
      "version": "4.10.0",
      "resolved": "https://registry.npmjs.org/openai/-/openai-4.10.0.tgz",
      "integrity": "sha512-WLcPip1mVLYu4PrqIvYuWxQQafijcERh90pUG+gAHs9DfPpz5Wxu6aP1o5/H4x6xK4JMoCfl4xH7vltmZ7Uw/w==",
      "dev": false,
      "dependencies": {
        "axios": "^1.4.0",
        "form-data": "^4.0.0",
        "openai-edge": "^2.5.1"
      }
    },
    "vary": {
      "version": "1.1.2",
      "resolved": "https://registry.npmjs.org/vary/-/vary-1.1.2.tgz",
      "integrity": "sha512-7hLQ8OQkHVxD2OqyLcxV84WyZo0bqlj3M6bRPl2EqIFxjLQUmgExY9rhf1x7oTk2qFY5ddLp9U6skMbcg8rPbg==",
      "dev": false
    }
  }
}
