{
  "name": "shivaboys-chatbot",
  "version": "1.0.0",
  "lockfileVersion": 1,
  "requires": true,
  "dependencies": {
    "cheerio": {
      "version": "1.0.0-rc.12",
      "resolved": "https://registry.npmjs.org/cheerio/-/cheerio-1.0.0-rc.12.tgz",
      "integrity": "sha512-CtBeMJXnJ9zgwZPjXr03Zs7p+pTXmwHLjqV+jUVNStUt+lqkGZkD+WaMRPU8iV7VO4VZkYk/yVmcgBIj0eFErA=="
    },
    "dotenv": {
      "version": "16.3.1",
      "resolved": "https://registry.npmjs.org/dotenv/-/dotenv-16.3.1.tgz",
      "integrity": "sha512-MZ9yvlK6L+xNfr+8m9bDaz9LtGaW88Jzll+AYzWD//LP1z9Xv8EdS5SLZTVAeJkxJ91F6vACVbLGpZJy5Df9yA=="
    },
    "express": {
      "version": "4.18.2",
      "resolved": "https://registry.npmjs.org/express/-/express-4.18.2.tgz",
      "integrity": "sha512-5/PsLxskD1G1mB+9GNHnUu51R8dY8ZAF3AoAFMFqcT6GcJ49jl7RWNRJh4P7XHrc5fNOhkhXsTLU6v9C8U5pZA=="
    },
    "langchain": {
      "version": "0.1.50",
      "resolved": "https://registry.npmjs.org/langchain/-/langchain-0.1.50.tgz",
      "integrity": "sha512-Xpnpt1Y5Tz9StRSKrd7lJZJmMUC5ehd1EYbeOpkML8mR6e0MoN77wLDa3rRZuqlSsn7CLkNW9FQ8XClMQqVNVg=="
    },
    "@langchain/community": {
      "version": "0.0.38",
      "resolved": "https://registry.npmjs.org/@langchain/community/-/community-0.0.38.tgz",
      "integrity": "sha512-VhTTs49ppbEgl3HZYzC2mgMFSLbVG8ZuKMXvbhpM9tL49Q2I9lFvP4Wo/AdNZ+3f/2WYyJKM9rV8jhJ1eIYa4A=="
    },
    "@langchain/groq": {
      "version": "0.0.10",
      "resolved": "https://registry.npmjs.org/@langchain/groq/-/groq-0.0.10.tgz",
      "integrity": "sha512-eULgQb1FwU30bZUIydT7qObWkzVd4Wz6uIvwv4QpqxK7h4OcAtTq9n3cF+2kF7A5UD12zSz+WnB8UCGG0Y0nxA=="
    }
  }
}