{
  "name": "shivaboys-chatbot",
  "lockfileVersion": 3,
  "requires": true,
  "packages": {
    "": {
      "name": "shivaboys-chatbot",
      "version": "1.0.0",
      "dependencies": {
        "@huggingface/inference": "^0.6.1",
        "@langchain/community": "0.0.49",
        "@langchain/core": "0.3.0",
        "@langchain/groq": "^0.0.8",
        "cors": "^2.8.5",
        "dotenv": "^16.3.1",
        "express": "^4.19.2",
        "langchain": "0.3.0"
      }
    },
    "node_modules/@huggingface/inference": {
      "version": "0.6.1",
      "resolved": "https://registry.npmjs.org/@huggingface/inference/-/inference-0.6.1.tgz",
      "integrity": "sha512-xxxxxxxxxxxxxxxxxxxxxxxxxxxxxxxxxxxxxxxxxxxxxxxxxxxxxxxxxxxx",
      "dependencies": {}
    },
    "node_modules/@langchain/community": {
      "version": "0.0.49",
      "resolved": "https://registry.npmjs.org/@langchain/community/-/community-0.0.49.tgz",
      "integrity": "sha512-yyyyyyyyyyyyyyyyyyyyyyyyyyyyyyyyyyyyyyyyyyyyyyyyyyyyyyyyyyyy",
      "dependencies": {
        "@huggingface/inference": "^0.6.0",
        "@langchain/core": "^0.3.0"
      }
    },
    "node_modules/@langchain/core": {
      "version": "0.3.0",
      "resolved": "https://registry.npmjs.org/@langchain/core/-/core-0.3.0.tgz",
      "integrity": "sha512-zzzzzzzzzzzzzzzzzzzzzzzzzzzzzzzzzzzzzzzzzzzzzzzzzzzzzzzzzzzz",
      "dependencies": {}
    },
    "node_modules/@langchain/groq": {
      "version": "0.0.8",
      "resolved": "https://registry.npmjs.org/@langchain/groq/-/groq-0.0.8.tgz",
      "integrity": "sha512-aaaaaaaaaaaaaaaaaaaaaaaaaaaaaaaaaaaaaaaaaaaaaaaaaaaaaaaaaaaa",
      "dependencies": {}
    },
    "node_modules/cors": {
      "version": "2.8.5",
      "resolved": "https://registry.npmjs.org/cors/-/cors-2.8.5.tgz",
      "integrity": "sha512-bbbb...",
      "dependencies": {}
    },
    "node_modules/dotenv": {
      "version": "16.3.1",
      "resolved": "https://registry.npmjs.org/dotenv/-/dotenv-16.3.1.tgz",
      "integrity": "sha512-cccc...",
      "dependencies": {}
    },
    "node_modules/express": {
      "version": "4.19.2",
      "resolved": "https://registry.npmjs.org/express/-/express-4.19.2.tgz",
      "integrity": "sha512-dddd...",
      "dependencies": {}
    },
    "node_modules/langchain": {
      "version": "0.3.0",
      "resolved": "https://registry.npmjs.org/langchain/-/langchain-0.3.0.tgz",
      "integrity": "sha512-eeee...",
      "dependencies": {
        "@langchain/core": "^0.3.0"
      }
    }
  },
  "dependencies": {
    "@huggingface/inference": {
      "version": "0.6.1",
      "resolved": "https://registry.npmjs.org/@huggingface/inference/-/inference-0.6.1.tgz",
      "integrity": "sha512-xxxxxxxxxxxxxxxxxxxxxxxxxxxxxxxxxxxxxxxxxxxxxxxxxxxxxxxxxxxx"
    },
    "@langchain/community": {
      "version": "0.0.49",
      "resolved": "https://registry.npmjs.org/@langchain/community/-/community-0.0.49.tgz",
      "integrity": "sha512-yyyyyyyyyyyyyyyyyyyyyyyyyyyyyyyyyyyyyyyyyyyyyyyyyyyyyyyyyyyy"
    },
    "@langchain/core": {
      "version": "0.3.0",
      "resolved": "https://registry.npmjs.org/@langchain/core/-/core-0.3.0.tgz",
      "integrity": "sha512-zzzzzzzzzzzzzzzzzzzzzzzzzzzzzzzzzzzzzzzzzzzzzzzzzzzzzzzzzzzz"
    },
    "@langchain/groq": {
      "version": "0.0.8",
      "resolved": "https://registry.npmjs.org/@langchain/groq/-/groq-0.0.8.tgz",
      "integrity": "sha512-aaaaaaaaaaaaaaaaaaaaaaaaaaaaaaaaaaaaaaaaaaaaaaaaaaaaaaaaaaaa"
    },
    "cors": {
      "version": "2.8.5",
      "resolved": "https://registry.npmjs.org/cors/-/cors-2.8.5.tgz",
      "integrity": "sha512-bbbb..."
    },
    "dotenv": {
      "version": "16.3.1",
      "resolved": "https://registry.npmjs.org/dotenv/-/dotenv-16.3.1.tgz",
      "integrity": "sha512-cccc..."
    },
    "express": {
      "version": "4.19.2",
      "resolved": "https://registry.npmjs.org/express/-/express-4.19.2.tgz",
      "integrity": "sha512-dddd..."
    },
    "langchain": {
      "version": "0.3.0",
      "resolved": "https://registry.npmjs.org/langchain/-/langchain-0.3.0.tgz",
      "integrity": "sha512-eeee..."
    }
  }
}
