{
  "name": "ai-chatbot-backend",
  "version": "1.0.0",
  "lockfileVersion": 2,
  "requires": true,
  "packages": {
    "": {
      "name": "ai-chatbot-backend",
      "version": "1.0.0",
      "dependencies": {
        "express": "^4.18.2",
        "openai": "^4.5.0"
      }
    },
    "node_modules/accepts": {
      "version": "1.3.8",
      "resolved": "https://registry.npmjs.org/accepts/-/accepts-1.3.8.tgz",
      "integrity": "sha512-qcX6FsQnLcXylfmnF+WYqLqNf9hW7qB4tazG5jj8rK0JZHvVLt59ue+Su4TLRfFGZh2p8qgVPK9pBScjV9k+3Q==",
      "dependencies": {
        "mime-types": "~2.1.34",
        "negotiator": "0.6.3"
      }
    },
    "node_modules/openai": {
      "version": "4.5.0",
      "resolved": "https://registry.npmjs.org/openai/-/openai-4.5.0.tgz",
      "integrity": "sha512-WXpqXgGHVPYyqDwQi6h+mRLdWzllTOW/8lryPjkBO3WKaC+9MW9ChsRQZDR11MkU9ucdh5ImL2MuKl3Q4DgGFQ=="
    },
    "node_modules/express": {
      "version": "4.18.2",
      "resolved": "https://registry.npmjs.org/express/-/express-4.18.2.tgz",
      "integrity": "sha512-RV1q/xylzpED1Q3TCrkjVpJ+X9fVYf9ejt6/f6CFxXfSZG9h0iOwxmi7h0mw4LhjSCjJH6LDDO2YHTPsqVYZwQ==",
      "dependencies": {
        "accepts": "~1.3.8",
        "array-flatten": "1.1.1",
        "body-parser": "1.20.2",
        "content-disposition": "0.5.4",
        "content-type": "~1.0.4",
        "cookie": "0.5.0",
        "cookie-signature": "1.0.6",
        "debug": "2.6.9",
        "depd": "~1.1.2",
        "encodeurl": "~1.0.2",
        "escape-html": "~1.0.3",
        "etag": "~1.8.1",
        "finalhandler": "1.2.0",
        "fresh": "0.5.2",
        "merge-descriptors": "1.0.1",
        "methods": "~1.1.2",
        "on-finished": "2.4.1",
        "parseurl": "~1.3.3",
        "path-to-regexp": "0.1.7",
        "proxy-addr": "~2.0.7",
        "qs": "6.11.0",
        "range-parser": "~1.2.1",
        "safe-buffer": "5.2.1",
        "send": "0.18.0",
        "serve-static": "1.15.0",
        "setprototypeof": "1.2.0",
        "statuses": "~1.5.0",
        "type-is": "~1.6.18",
        "utils-merge": "1.0.1",
        "vary": "~1.1.2"
      }
    }
  },
  "dependencies": {
    "express": {
      "version": "4.18.2",
      "resolved": "https://registry.npmjs.org/express/-/express-4.18.2.tgz",
      "integrity": "sha512-RV1q/xylzpED1Q3TCrkjVpJ+X9fVYf9ejt6/f6CFxXfSZG9h0iOwxmi7h0mw4LhjSCjJH6LDDO2YHTPsqVYZwQ==",
      "requires": {
        "accepts": "~1.3.8",
        "array-flatten": "1.1.1",
        "body-parser": "1.20.2",
        "content-disposition": "0.5.4",
        "content-type": "~1.0.4",
        "cookie": "0.5.0",
        "cookie-signature": "1.0.6",
        "debug": "2.6.9",
        "depd": "~1.1.2",
        "encodeurl": "~1.0.2",
        "escape-html": "~1.0.3",
        "etag": "~1.8.1",
        "finalhandler": "1.2.0",
        "fresh": "0.5.2",
        "merge-descriptors": "1.0.1",
        "methods": "~1.1.2",
        "on-finished": "2.4.1",
        "parseurl": "~1.3.3",
        "path-to-regexp": "0.1.7",
        "proxy-addr": "~2.0.7",
        "qs": "6.11.0",
        "range-parser": "~1.2.1",
        "safe-buffer": "5.2.1",
        "send": "0.18.0",
        "serve-static": "1.15.0",
        "setprototypeof": "1.2.0",
        "statuses": "~1.5.0",
        "type-is": "~1.6.18",
        "utils-merge": "1.0.1",
        "vary": "~1.1.2"
      }
    },
    "openai": {
      "version": "4.5.0",
      "resolved": "https://registry.npmjs.org/openai/-/openai-4.5.0.tgz",
      "integrity": "sha512-WXpqXgGHVPYyqDwQi6h+mRLdWzllTOW/8lryPjkBO3WKaC+9MW9ChsRQZDR11MkU9ucdh5ImL2MuKl3Q4DgGFQ=="
    }
  }
}
